// !$*UTF8*$!
{
	archiveVersion = 1;
	classes = {
	};
	objectVersion = 46;
	objects = {

/* Begin PBXBuildFile section */
		7B8FEBF014C75DB700EDDB1B /* UIKit.framework in Frameworks */ = {isa = PBXBuildFile; fileRef = 7B8FEBEF14C75DB700EDDB1B /* UIKit.framework */; };
		7B8FEBF214C75DB700EDDB1B /* Foundation.framework in Frameworks */ = {isa = PBXBuildFile; fileRef = 7B8FEBF114C75DB700EDDB1B /* Foundation.framework */; };
		7B8FEBF414C75DB700EDDB1B /* CoreGraphics.framework in Frameworks */ = {isa = PBXBuildFile; fileRef = 7B8FEBF314C75DB700EDDB1B /* CoreGraphics.framework */; };
		7B8FEBFA14C75DB700EDDB1B /* InfoPlist.strings in Resources */ = {isa = PBXBuildFile; fileRef = 7B8FEBF814C75DB700EDDB1B /* InfoPlist.strings */; };
		7B8FEBFC14C75DB700EDDB1B /* main.m in Sources */ = {isa = PBXBuildFile; fileRef = 7B8FEBFB14C75DB700EDDB1B /* main.m */; };
		7B8FEC0014C75DB700EDDB1B /* AppDelegate.m in Sources */ = {isa = PBXBuildFile; fileRef = 7B8FEBFF14C75DB700EDDB1B /* AppDelegate.m */; };
		7B8FEC0314C75DB700EDDB1B /* MasterViewController.m in Sources */ = {isa = PBXBuildFile; fileRef = 7B8FEC0214C75DB700EDDB1B /* MasterViewController.m */; };
		7B8FEC0614C75DB700EDDB1B /* DetailViewController.m in Sources */ = {isa = PBXBuildFile; fileRef = 7B8FEC0514C75DB700EDDB1B /* DetailViewController.m */; };
		7B8FEC0914C75DB700EDDB1B /* MasterViewController.xib in Resources */ = {isa = PBXBuildFile; fileRef = 7B8FEC0714C75DB700EDDB1B /* MasterViewController.xib */; };
		7B8FEC0F14C75DB700EDDB1B /* DetailViewController.xib in Resources */ = {isa = PBXBuildFile; fileRef = 7B8FEC0D14C75DB700EDDB1B /* DetailViewController.xib */; };
		7B8FEC2214C768BE00EDDB1B /* SDW_logo.png in Resources */ = {isa = PBXBuildFile; fileRef = 7B8FEC2114C768BE00EDDB1B /* SDW_logo.png */; };
		7B8FEC2614C770F700EDDB1B /* ModalView.m in Sources */ = {isa = PBXBuildFile; fileRef = 7B8FEC2414C770F700EDDB1B /* ModalView.m */; };
		7B8FEC2714C770F700EDDB1B /* ModalView.xib in Resources */ = {isa = PBXBuildFile; fileRef = 7B8FEC2514C770F700EDDB1B /* ModalView.xib */; };
		7BD482C514C77EF600E05C48 /* Icon.png in Resources */ = {isa = PBXBuildFile; fileRef = 7BD482C214C77EED00E05C48 /* Icon.png */; };
		7BD482C614C77EF900E05C48 /* Icon@2x.png in Resources */ = {isa = PBXBuildFile; fileRef = 7BD482C314C77EED00E05C48 /* Icon@2x.png */; };
		7BD482C714C77F0000E05C48 /* Icon-72.png in Resources */ = {isa = PBXBuildFile; fileRef = 7BD482BE14C77EED00E05C48 /* Icon-72.png */; };
		7BE5B41314C85E3100BEE155 /* modal_0.jpg in Resources */ = {isa = PBXBuildFile; fileRef = 7BE5B40C14C85E3100BEE155 /* modal_0.jpg */; };
		7BE5B41414C85E3100BEE155 /* modal_2.jpg in Resources */ = {isa = PBXBuildFile; fileRef = 7BE5B40D14C85E3100BEE155 /* modal_2.jpg */; };
		7BE5B41514C85E3100BEE155 /* modal_3.jpg in Resources */ = {isa = PBXBuildFile; fileRef = 7BE5B40E14C85E3100BEE155 /* modal_3.jpg */; };
		7BE5B41614C85E3100BEE155 /* modal_5.jpg in Resources */ = {isa = PBXBuildFile; fileRef = 7BE5B40F14C85E3100BEE155 /* modal_5.jpg */; };
		7BE5B41714C85E3100BEE155 /* modal_6.jpg in Resources */ = {isa = PBXBuildFile; fileRef = 7BE5B41014C85E3100BEE155 /* modal_6.jpg */; };
		7BE5B41814C85E3100BEE155 /* modal_7.jpg in Resources */ = {isa = PBXBuildFile; fileRef = 7BE5B41114C85E3100BEE155 /* modal_7.jpg */; };
		7BE5B41914C85E3100BEE155 /* modal_1.jpg in Resources */ = {isa = PBXBuildFile; fileRef = 7BE5B41214C85E3100BEE155 /* modal_1.jpg */; };
/* End PBXBuildFile section */

/* Begin PBXFileReference section */
		7B8FEBEB14C75DB700EDDB1B /* TechTalk.app */ = {isa = PBXFileReference; explicitFileType = wrapper.application; includeInIndex = 0; path = TechTalk.app; sourceTree = BUILT_PRODUCTS_DIR; };
		7B8FEBEF14C75DB700EDDB1B /* UIKit.framework */ = {isa = PBXFileReference; lastKnownFileType = wrapper.framework; name = UIKit.framework; path = System/Library/Frameworks/UIKit.framework; sourceTree = SDKROOT; };
		7B8FEBF114C75DB700EDDB1B /* Foundation.framework */ = {isa = PBXFileReference; lastKnownFileType = wrapper.framework; name = Foundation.framework; path = System/Library/Frameworks/Foundation.framework; sourceTree = SDKROOT; };
		7B8FEBF314C75DB700EDDB1B /* CoreGraphics.framework */ = {isa = PBXFileReference; lastKnownFileType = wrapper.framework; name = CoreGraphics.framework; path = System/Library/Frameworks/CoreGraphics.framework; sourceTree = SDKROOT; };
		7B8FEBF714C75DB700EDDB1B /* TechTalk-Info.plist */ = {isa = PBXFileReference; lastKnownFileType = text.plist.xml; path = "TechTalk-Info.plist"; sourceTree = "<group>"; };
		7B8FEBF914C75DB700EDDB1B /* en */ = {isa = PBXFileReference; lastKnownFileType = text.plist.strings; name = en; path = en.lproj/InfoPlist.strings; sourceTree = "<group>"; };
		7B8FEBFB14C75DB700EDDB1B /* main.m */ = {isa = PBXFileReference; lastKnownFileType = sourcecode.c.objc; path = main.m; sourceTree = "<group>"; };
		7B8FEBFD14C75DB700EDDB1B /* TechTalk-Prefix.pch */ = {isa = PBXFileReference; lastKnownFileType = sourcecode.c.h; path = "TechTalk-Prefix.pch"; sourceTree = "<group>"; };
		7B8FEBFE14C75DB700EDDB1B /* AppDelegate.h */ = {isa = PBXFileReference; lastKnownFileType = sourcecode.c.h; path = AppDelegate.h; sourceTree = "<group>"; };
		7B8FEBFF14C75DB700EDDB1B /* AppDelegate.m */ = {isa = PBXFileReference; lastKnownFileType = sourcecode.c.objc; path = AppDelegate.m; sourceTree = "<group>"; };
		7B8FEC0114C75DB700EDDB1B /* MasterViewController.h */ = {isa = PBXFileReference; lastKnownFileType = sourcecode.c.h; path = MasterViewController.h; sourceTree = "<group>"; };
		7B8FEC0214C75DB700EDDB1B /* MasterViewController.m */ = {isa = PBXFileReference; lastKnownFileType = sourcecode.c.objc; path = MasterViewController.m; sourceTree = "<group>"; };
		7B8FEC0414C75DB700EDDB1B /* DetailViewController.h */ = {isa = PBXFileReference; lastKnownFileType = sourcecode.c.h; path = DetailViewController.h; sourceTree = "<group>"; };
		7B8FEC0514C75DB700EDDB1B /* DetailViewController.m */ = {isa = PBXFileReference; lastKnownFileType = sourcecode.c.objc; path = DetailViewController.m; sourceTree = "<group>"; };
		7B8FEC0814C75DB700EDDB1B /* en */ = {isa = PBXFileReference; lastKnownFileType = file.xib; name = en; path = en.lproj/MasterViewController.xib; sourceTree = "<group>"; };
		7B8FEC0E14C75DB700EDDB1B /* en */ = {isa = PBXFileReference; lastKnownFileType = file.xib; name = en; path = en.lproj/DetailViewController.xib; sourceTree = "<group>"; };
		7B8FEC2114C768BE00EDDB1B /* SDW_logo.png */ = {isa = PBXFileReference; lastKnownFileType = image.png; path = SDW_logo.png; sourceTree = "<group>"; };
		7B8FEC2314C770F700EDDB1B /* ModalView.h */ = {isa = PBXFileReference; fileEncoding = 4; lastKnownFileType = sourcecode.c.h; path = ModalView.h; sourceTree = "<group>"; };
		7B8FEC2414C770F700EDDB1B /* ModalView.m */ = {isa = PBXFileReference; fileEncoding = 4; lastKnownFileType = sourcecode.c.objc; path = ModalView.m; sourceTree = "<group>"; };
		7B8FEC2514C770F700EDDB1B /* ModalView.xib */ = {isa = PBXFileReference; fileEncoding = 4; lastKnownFileType = file.xib; path = ModalView.xib; sourceTree = "<group>"; };
		7BD482BE14C77EED00E05C48 /* Icon-72.png */ = {isa = PBXFileReference; lastKnownFileType = image.png; path = "Icon-72.png"; sourceTree = "<group>"; };
		7BD482BF14C77EED00E05C48 /* Icon-Small-50.png */ = {isa = PBXFileReference; lastKnownFileType = image.png; path = "Icon-Small-50.png"; sourceTree = "<group>"; };
		7BD482C014C77EED00E05C48 /* Icon-Small.png */ = {isa = PBXFileReference; lastKnownFileType = image.png; path = "Icon-Small.png"; sourceTree = "<group>"; };
		7BD482C114C77EED00E05C48 /* Icon-Small@2x.png */ = {isa = PBXFileReference; lastKnownFileType = image.png; path = "Icon-Small@2x.png"; sourceTree = "<group>"; };
		7BD482C214C77EED00E05C48 /* Icon.png */ = {isa = PBXFileReference; lastKnownFileType = image.png; path = Icon.png; sourceTree = "<group>"; };
		7BD482C314C77EED00E05C48 /* Icon@2x.png */ = {isa = PBXFileReference; lastKnownFileType = image.png; path = "Icon@2x.png"; sourceTree = "<group>"; };
		7BD482C414C77EED00E05C48 /* iTunesArtwork */ = {isa = PBXFileReference; lastKnownFileType = file; path = iTunesArtwork; sourceTree = "<group>"; };
		7BE5B40C14C85E3100BEE155 /* modal_0.jpg */ = {isa = PBXFileReference; lastKnownFileType = image.jpeg; path = modal_0.jpg; sourceTree = "<group>"; };
		7BE5B40D14C85E3100BEE155 /* modal_2.jpg */ = {isa = PBXFileReference; lastKnownFileType = image.jpeg; path = modal_2.jpg; sourceTree = "<group>"; };
		7BE5B40E14C85E3100BEE155 /* modal_3.jpg */ = {isa = PBXFileReference; lastKnownFileType = image.jpeg; path = modal_3.jpg; sourceTree = "<group>"; };
		7BE5B40F14C85E3100BEE155 /* modal_5.jpg */ = {isa = PBXFileReference; lastKnownFileType = image.jpeg; path = modal_5.jpg; sourceTree = "<group>"; };
		7BE5B41014C85E3100BEE155 /* modal_6.jpg */ = {isa = PBXFileReference; lastKnownFileType = image.jpeg; path = modal_6.jpg; sourceTree = "<group>"; };
		7BE5B41114C85E3100BEE155 /* modal_7.jpg */ = {isa = PBXFileReference; lastKnownFileType = image.jpeg; path = modal_7.jpg; sourceTree = "<group>"; };
		7BE5B41214C85E3100BEE155 /* modal_1.jpg */ = {isa = PBXFileReference; lastKnownFileType = image.jpeg; path = modal_1.jpg; sourceTree = "<group>"; };
/* End PBXFileReference section */

/* Begin PBXFrameworksBuildPhase section */
		7B8FEBE814C75DB700EDDB1B /* Frameworks */ = {
			isa = PBXFrameworksBuildPhase;
			buildActionMask = 2147483647;
			files = (
				7B8FEBF014C75DB700EDDB1B /* UIKit.framework in Frameworks */,
				7B8FEBF214C75DB700EDDB1B /* Foundation.framework in Frameworks */,
				7B8FEBF414C75DB700EDDB1B /* CoreGraphics.framework in Frameworks */,
			);
			runOnlyForDeploymentPostprocessing = 0;
		};
/* End PBXFrameworksBuildPhase section */

/* Begin PBXGroup section */
		7B8FEBE014C75DB700EDDB1B = {
			isa = PBXGroup;
			children = (
				7BD482C814C77F0C00E05C48 /* Icons */,
				7B8FEBF514C75DB700EDDB1B /* TechTalk */,
				7B8FEBEE14C75DB700EDDB1B /* Frameworks */,
				7B8FEBEC14C75DB700EDDB1B /* Products */,
			);
			sourceTree = "<group>";
		};
		7B8FEBEC14C75DB700EDDB1B /* Products */ = {
			isa = PBXGroup;
			children = (
				7B8FEBEB14C75DB700EDDB1B /* TechTalk.app */,
			);
			name = Products;
			sourceTree = "<group>";
		};
		7B8FEBEE14C75DB700EDDB1B /* Frameworks */ = {
			isa = PBXGroup;
			children = (
				7B8FEBEF14C75DB700EDDB1B /* UIKit.framework */,
				7B8FEBF114C75DB700EDDB1B /* Foundation.framework */,
				7B8FEBF314C75DB700EDDB1B /* CoreGraphics.framework */,
			);
			name = Frameworks;
			sourceTree = "<group>";
		};
		7B8FEBF514C75DB700EDDB1B /* TechTalk */ = {
			isa = PBXGroup;
			children = (
				7B8FEC2114C768BE00EDDB1B /* SDW_logo.png */,
				7B8FEBFE14C75DB700EDDB1B /* AppDelegate.h */,
				7B8FEBFF14C75DB700EDDB1B /* AppDelegate.m */,
				7B8FEC0114C75DB700EDDB1B /* MasterViewController.h */,
				7B8FEC0214C75DB700EDDB1B /* MasterViewController.m */,
				7B8FEC0714C75DB700EDDB1B /* MasterViewController.xib */,
				7B8FEC0414C75DB700EDDB1B /* DetailViewController.h */,
				7B8FEC0514C75DB700EDDB1B /* DetailViewController.m */,
				7B8FEC0D14C75DB700EDDB1B /* DetailViewController.xib */,
				7B8FEBF614C75DB700EDDB1B /* Supporting Files */,
				7B8FEC2314C770F700EDDB1B /* ModalView.h */,
				7B8FEC2414C770F700EDDB1B /* ModalView.m */,
				7B8FEC2514C770F700EDDB1B /* ModalView.xib */,
				7BE5B40B14C85E3100BEE155 /* ModalImages */,
			);
			path = TechTalk;
			sourceTree = "<group>";
		};
		7B8FEBF614C75DB700EDDB1B /* Supporting Files */ = {
			isa = PBXGroup;
			children = (
				7B8FEBF714C75DB700EDDB1B /* TechTalk-Info.plist */,
				7B8FEBF814C75DB700EDDB1B /* InfoPlist.strings */,
				7B8FEBFB14C75DB700EDDB1B /* main.m */,
				7B8FEBFD14C75DB700EDDB1B /* TechTalk-Prefix.pch */,
			);
			name = "Supporting Files";
			sourceTree = "<group>";
		};
		7BD482C814C77F0C00E05C48 /* Icons */ = {
			isa = PBXGroup;
			children = (
				7BD482BE14C77EED00E05C48 /* Icon-72.png */,
				7BD482BF14C77EED00E05C48 /* Icon-Small-50.png */,
				7BD482C014C77EED00E05C48 /* Icon-Small.png */,
				7BD482C114C77EED00E05C48 /* Icon-Small@2x.png */,
				7BD482C214C77EED00E05C48 /* Icon.png */,
				7BD482C314C77EED00E05C48 /* Icon@2x.png */,
				7BD482C414C77EED00E05C48 /* iTunesArtwork */,
			);
			name = Icons;
			sourceTree = "<group>";
		};
		7BE5B40B14C85E3100BEE155 /* ModalImages */ = {
			isa = PBXGroup;
			children = (
				7BE5B40C14C85E3100BEE155 /* modal_0.jpg */,
				7BE5B41214C85E3100BEE155 /* modal_1.jpg */,
				7BE5B40D14C85E3100BEE155 /* modal_2.jpg */,
				7BE5B40E14C85E3100BEE155 /* modal_3.jpg */,
				7BE5B40F14C85E3100BEE155 /* modal_5.jpg */,
				7BE5B41014C85E3100BEE155 /* modal_6.jpg */,
				7BE5B41114C85E3100BEE155 /* modal_7.jpg */,
			);
			path = ModalImages;
			sourceTree = "<group>";
		};
/* End PBXGroup section */

/* Begin PBXNativeTarget section */
		7B8FEBEA14C75DB700EDDB1B /* TechTalk */ = {
			isa = PBXNativeTarget;
			buildConfigurationList = 7B8FEC1514C75DB700EDDB1B /* Build configuration list for PBXNativeTarget "TechTalk" */;
			buildPhases = (
				7B8FEBE714C75DB700EDDB1B /* Sources */,
				7B8FEBE814C75DB700EDDB1B /* Frameworks */,
				7B8FEBE914C75DB700EDDB1B /* Resources */,
			);
			buildRules = (
			);
			dependencies = (
			);
			name = TechTalk;
			productName = TechTalk;
			productReference = 7B8FEBEB14C75DB700EDDB1B /* TechTalk.app */;
			productType = "com.apple.product-type.application";
		};
/* End PBXNativeTarget section */

/* Begin PBXProject section */
		7B8FEBE214C75DB700EDDB1B /* Project object */ = {
			isa = PBXProject;
			attributes = {
				LastUpgradeCheck = 0430;
				ORGANIZATIONNAME = "Mark Rickert";
			};
			buildConfigurationList = 7B8FEBE514C75DB700EDDB1B /* Build configuration list for PBXProject "TechTalk" */;
			compatibilityVersion = "Xcode 3.2";
			developmentRegion = English;
			hasScannedForEncodings = 0;
			knownRegions = (
				en,
			);
			mainGroup = 7B8FEBE014C75DB700EDDB1B;
			productRefGroup = 7B8FEBEC14C75DB700EDDB1B /* Products */;
			projectDirPath = "";
			projectRoot = "";
			targets = (
				7B8FEBEA14C75DB700EDDB1B /* TechTalk */,
			);
		};
/* End PBXProject section */

/* Begin PBXResourcesBuildPhase section */
		7B8FEBE914C75DB700EDDB1B /* Resources */ = {
			isa = PBXResourcesBuildPhase;
			buildActionMask = 2147483647;
			files = (
				7B8FEBFA14C75DB700EDDB1B /* InfoPlist.strings in Resources */,
				7B8FEC0914C75DB700EDDB1B /* MasterViewController.xib in Resources */,
				7B8FEC0F14C75DB700EDDB1B /* DetailViewController.xib in Resources */,
				7B8FEC2214C768BE00EDDB1B /* SDW_logo.png in Resources */,
				7B8FEC2714C770F700EDDB1B /* ModalView.xib in Resources */,
				7BD482C514C77EF600E05C48 /* Icon.png in Resources */,
				7BD482C614C77EF900E05C48 /* Icon@2x.png in Resources */,
				7BD482C714C77F0000E05C48 /* Icon-72.png in Resources */,
				7BE5B41314C85E3100BEE155 /* modal_0.jpg in Resources */,
				7BE5B41414C85E3100BEE155 /* modal_2.jpg in Resources */,
				7BE5B41514C85E3100BEE155 /* modal_3.jpg in Resources */,
				7BE5B41614C85E3100BEE155 /* modal_5.jpg in Resources */,
				7BE5B41714C85E3100BEE155 /* modal_6.jpg in Resources */,
				7BE5B41814C85E3100BEE155 /* modal_7.jpg in Resources */,
				7BE5B41914C85E3100BEE155 /* modal_1.jpg in Resources */,
			);
			runOnlyForDeploymentPostprocessing = 0;
		};
/* End PBXResourcesBuildPhase section */

/* Begin PBXSourcesBuildPhase section */
		7B8FEBE714C75DB700EDDB1B /* Sources */ = {
			isa = PBXSourcesBuildPhase;
			buildActionMask = 2147483647;
			files = (
				7B8FEBFC14C75DB700EDDB1B /* main.m in Sources */,
				7B8FEC0014C75DB700EDDB1B /* AppDelegate.m in Sources */,
				7B8FEC0314C75DB700EDDB1B /* MasterViewController.m in Sources */,
				7B8FEC0614C75DB700EDDB1B /* DetailViewController.m in Sources */,
				7B8FEC2614C770F700EDDB1B /* ModalView.m in Sources */,
			);
			runOnlyForDeploymentPostprocessing = 0;
		};
/* End PBXSourcesBuildPhase section */

/* Begin PBXVariantGroup section */
		7B8FEBF814C75DB700EDDB1B /* InfoPlist.strings */ = {
			isa = PBXVariantGroup;
			children = (
				7B8FEBF914C75DB700EDDB1B /* en */,
			);
			name = InfoPlist.strings;
			sourceTree = "<group>";
		};
		7B8FEC0714C75DB700EDDB1B /* MasterViewController.xib */ = {
			isa = PBXVariantGroup;
			children = (
				7B8FEC0814C75DB700EDDB1B /* en */,
			);
			name = MasterViewController.xib;
			sourceTree = "<group>";
		};
		7B8FEC0D14C75DB700EDDB1B /* DetailViewController.xib */ = {
			isa = PBXVariantGroup;
			children = (
				7B8FEC0E14C75DB700EDDB1B /* en */,
			);
			name = DetailViewController.xib;
			sourceTree = "<group>";
		};
/* End PBXVariantGroup section */

/* Begin XCBuildConfiguration section */
		7B8FEC1314C75DB700EDDB1B /* Debug */ = {
			isa = XCBuildConfiguration;
			buildSettings = {
				ALWAYS_SEARCH_USER_PATHS = NO;
				ARCHS = "$(ARCHS_STANDARD_32_BIT)";
				CLANG_ENABLE_OBJC_ARC = YES;
				"CODE_SIGN_IDENTITY[sdk=iphoneos*]" = "iPhone Developer";
				COPY_PHASE_STRIP = NO;
				GCC_C_LANGUAGE_STANDARD = gnu99;
				GCC_DYNAMIC_NO_PIC = NO;
				GCC_OPTIMIZATION_LEVEL = 0;
				GCC_PREPROCESSOR_DEFINITIONS = (
					"DEBUG=1",
					"$(inherited)",
				);
				GCC_SYMBOLS_PRIVATE_EXTERN = NO;
				GCC_VERSION = com.apple.compilers.llvm.clang.1_0;
				GCC_WARN_ABOUT_RETURN_TYPE = YES;
				GCC_WARN_UNINITIALIZED_AUTOS = YES;
				GCC_WARN_UNUSED_VARIABLE = YES;
				IPHONEOS_DEPLOYMENT_TARGET = 5.1;
				SDKROOT = iphoneos;
				TARGETED_DEVICE_FAMILY = "1,2";
			};
			name = Debug;
		};
		7B8FEC1414C75DB700EDDB1B /* Release */ = {
			isa = XCBuildConfiguration;
			buildSettings = {
				ALWAYS_SEARCH_USER_PATHS = NO;
				ARCHS = "$(ARCHS_STANDARD_32_BIT)";
				CLANG_ENABLE_OBJC_ARC = YES;
				"CODE_SIGN_IDENTITY[sdk=iphoneos*]" = "iPhone Developer";
				COPY_PHASE_STRIP = YES;
				GCC_C_LANGUAGE_STANDARD = gnu99;
				GCC_VERSION = com.apple.compilers.llvm.clang.1_0;
				GCC_WARN_ABOUT_RETURN_TYPE = YES;
				GCC_WARN_UNINITIALIZED_AUTOS = YES;
				GCC_WARN_UNUSED_VARIABLE = YES;
				IPHONEOS_DEPLOYMENT_TARGET = 5.1;
				OTHER_CFLAGS = "-DNS_BLOCK_ASSERTIONS=1";
				SDKROOT = iphoneos;
				TARGETED_DEVICE_FAMILY = "1,2";
				VALIDATE_PRODUCT = YES;
			};
			name = Release;
		};
		7B8FEC1614C75DB700EDDB1B /* Debug */ = {
			isa = XCBuildConfiguration;
			buildSettings = {
				GCC_PRECOMPILE_PREFIX_HEADER = YES;
				GCC_PREFIX_HEADER = "TechTalk/TechTalk-Prefix.pch";
				INFOPLIST_FILE = "TechTalk/TechTalk-Info.plist";
				IPHONEOS_DEPLOYMENT_TARGET = 4.2;
				PRODUCT_NAME = "$(TARGET_NAME)";
				WRAPPER_EXTENSION = app;
			};
			name = Debug;
		};
		7B8FEC1714C75DB700EDDB1B /* Release */ = {
			isa = XCBuildConfiguration;
			buildSettings = {
				GCC_PRECOMPILE_PREFIX_HEADER = YES;
				GCC_PREFIX_HEADER = "TechTalk/TechTalk-Prefix.pch";
				INFOPLIST_FILE = "TechTalk/TechTalk-Info.plist";
				IPHONEOS_DEPLOYMENT_TARGET = 4.2;
				PRODUCT_NAME = "$(TARGET_NAME)";
				WRAPPER_EXTENSION = app;
			};
			name = Release;
		};
/* End XCBuildConfiguration section */

/* Begin XCConfigurationList section */
		7B8FEBE514C75DB700EDDB1B /* Build configuration list for PBXProject "TechTalk" */ = {
			isa = XCConfigurationList;
			buildConfigurations = (
				7B8FEC1314C75DB700EDDB1B /* Debug */,
				7B8FEC1414C75DB700EDDB1B /* Release */,
			);
			defaultConfigurationIsVisible = 0;
			defaultConfigurationName = Release;
		};
		7B8FEC1514C75DB700EDDB1B /* Build configuration list for PBXNativeTarget "TechTalk" */ = {
			isa = XCConfigurationList;
			buildConfigurations = (
				7B8FEC1614C75DB700EDDB1B /* Debug */,
				7B8FEC1714C75DB700EDDB1B /* Release */,
			);
			defaultConfigurationIsVisible = 0;
			defaultConfigurationName = Release;
		};
/* End XCConfigurationList section */
	};
	rootObject = 7B8FEBE214C75DB700EDDB1B /* Project object */;
}
